// !$*UTF8*$!
{
	archiveVersion = 1;
	classes = {
	};
	objectVersion = 56;
	objects = {

/* Begin PBXBuildFile section */
		7B2C49F42A1B77E500173E45 /* AppDelegate.swift in Sources */ = {isa = PBXBuildFile; fileRef = 7B2C49F32A1B77E500173E45 /* AppDelegate.swift */; };
		7B2C49F82A1B77E500173E45 /* ViewController.swift in Sources */ = {isa = PBXBuildFile; fileRef = 7B2C49F72A1B77E500173E45 /* ViewController.swift */; };
		7B2C49FD2A1B77E700173E45 /* Assets.xcassets in Resources */ = {isa = PBXBuildFile; fileRef = 7B2C49FC2A1B77E700173E45 /* Assets.xcassets */; };
		7B2C4A082A1B794C00173E45 /* SeviceListCell.swift in Sources */ = {isa = PBXBuildFile; fileRef = 7B2C4A072A1B794C00173E45 /* SeviceListCell.swift */; };
		7B2C4A0A2A1B7C4600173E45 /* DetailsView.swift in Sources */ = {isa = PBXBuildFile; fileRef = 7B2C4A092A1B7C4600173E45 /* DetailsView.swift */; };
		7B2C4A362A1B9E9900173E45 /* Outfit-VariableFont_wght.ttf in Resources */ = {isa = PBXBuildFile; fileRef = 7B2C4A292A1B9E9900173E45 /* Outfit-VariableFont_wght.ttf */; };
		7B2C4A372A1B9E9900173E45 /* Outfit-Bold.ttf in Resources */ = {isa = PBXBuildFile; fileRef = 7B2C4A2B2A1B9E9900173E45 /* Outfit-Bold.ttf */; };
		7B2C4A382A1B9E9900173E45 /* Outfit-Regular.ttf in Resources */ = {isa = PBXBuildFile; fileRef = 7B2C4A2C2A1B9E9900173E45 /* Outfit-Regular.ttf */; };
		7B2C4A392A1B9E9900173E45 /* Outfit-Black.ttf in Resources */ = {isa = PBXBuildFile; fileRef = 7B2C4A2D2A1B9E9900173E45 /* Outfit-Black.ttf */; };
		7B2C4A3A2A1B9E9900173E45 /* Outfit-Thin.ttf in Resources */ = {isa = PBXBuildFile; fileRef = 7B2C4A2E2A1B9E9900173E45 /* Outfit-Thin.ttf */; };
		7B2C4A3B2A1B9E9900173E45 /* Outfit-SemiBold.ttf in Resources */ = {isa = PBXBuildFile; fileRef = 7B2C4A2F2A1B9E9900173E45 /* Outfit-SemiBold.ttf */; };
		7B2C4A3C2A1B9E9900173E45 /* Outfit-ExtraLight.ttf in Resources */ = {isa = PBXBuildFile; fileRef = 7B2C4A302A1B9E9900173E45 /* Outfit-ExtraLight.ttf */; };
		7B2C4A3D2A1B9E9900173E45 /* Outfit-ExtraBold.ttf in Resources */ = {isa = PBXBuildFile; fileRef = 7B2C4A312A1B9E9900173E45 /* Outfit-ExtraBold.ttf */; };
		7B2C4A3E2A1B9E9900173E45 /* Outfit-Medium.ttf in Resources */ = {isa = PBXBuildFile; fileRef = 7B2C4A322A1B9E9900173E45 /* Outfit-Medium.ttf */; };
		7B2C4A3F2A1B9E9900173E45 /* Outfit-Light.ttf in Resources */ = {isa = PBXBuildFile; fileRef = 7B2C4A332A1B9E9900173E45 /* Outfit-Light.ttf */; };
/* End PBXBuildFile section */

/* Begin PBXFileReference section */
		7B2C49F02A1B77E500173E45 /* ServiceList.app */ = {isa = PBXFileReference; explicitFileType = wrapper.application; includeInIndex = 0; path = ServiceList.app; sourceTree = BUILT_PRODUCTS_DIR; };
		7B2C49F32A1B77E500173E45 /* AppDelegate.swift */ = {isa = PBXFileReference; lastKnownFileType = sourcecode.swift; path = AppDelegate.swift; sourceTree = "<group>"; };
		7B2C49F72A1B77E500173E45 /* ViewController.swift */ = {isa = PBXFileReference; lastKnownFileType = sourcecode.swift; path = ViewController.swift; sourceTree = "<group>"; };
		7B2C49FC2A1B77E700173E45 /* Assets.xcassets */ = {isa = PBXFileReference; lastKnownFileType = folder.assetcatalog; path = Assets.xcassets; sourceTree = "<group>"; };
		7B2C4A012A1B77E700173E45 /* Info.plist */ = {isa = PBXFileReference; lastKnownFileType = text.plist.xml; path = Info.plist; sourceTree = "<group>"; };
		7B2C4A072A1B794C00173E45 /* SeviceListCell.swift */ = {isa = PBXFileReference; lastKnownFileType = sourcecode.swift; path = SeviceListCell.swift; sourceTree = "<group>"; };
		7B2C4A092A1B7C4600173E45 /* DetailsView.swift */ = {isa = PBXFileReference; lastKnownFileType = sourcecode.swift; path = DetailsView.swift; sourceTree = "<group>"; };
		7B2C4A292A1B9E9900173E45 /* Outfit-VariableFont_wght.ttf */ = {isa = PBXFileReference; lastKnownFileType = file; path = "Outfit-VariableFont_wght.ttf"; sourceTree = "<group>"; };
		7B2C4A2B2A1B9E9900173E45 /* Outfit-Bold.ttf */ = {isa = PBXFileReference; lastKnownFileType = file; path = "Outfit-Bold.ttf"; sourceTree = "<group>"; };
		7B2C4A2C2A1B9E9900173E45 /* Outfit-Regular.ttf */ = {isa = PBXFileReference; lastKnownFileType = file; path = "Outfit-Regular.ttf"; sourceTree = "<group>"; };
		7B2C4A2D2A1B9E9900173E45 /* Outfit-Black.ttf */ = {isa = PBXFileReference; lastKnownFileType = file; path = "Outfit-Black.ttf"; sourceTree = "<group>"; };
		7B2C4A2E2A1B9E9900173E45 /* Outfit-Thin.ttf */ = {isa = PBXFileReference; lastKnownFileType = file; path = "Outfit-Thin.ttf"; sourceTree = "<group>"; };
		7B2C4A2F2A1B9E9900173E45 /* Outfit-SemiBold.ttf */ = {isa = PBXFileReference; lastKnownFileType = file; path = "Outfit-SemiBold.ttf"; sourceTree = "<group>"; };
		7B2C4A302A1B9E9900173E45 /* Outfit-ExtraLight.ttf */ = {isa = PBXFileReference; lastKnownFileType = file; path = "Outfit-ExtraLight.ttf"; sourceTree = "<group>"; };
		7B2C4A312A1B9E9900173E45 /* Outfit-ExtraBold.ttf */ = {isa = PBXFileReference; lastKnownFileType = file; path = "Outfit-ExtraBold.ttf"; sourceTree = "<group>"; };
		7B2C4A322A1B9E9900173E45 /* Outfit-Medium.ttf */ = {isa = PBXFileReference; lastKnownFileType = file; path = "Outfit-Medium.ttf"; sourceTree = "<group>"; };
		7B2C4A332A1B9E9900173E45 /* Outfit-Light.ttf */ = {isa = PBXFileReference; lastKnownFileType = file; path = "Outfit-Light.ttf"; sourceTree = "<group>"; };
/* End PBXFileReference section */

/* Begin PBXFrameworksBuildPhase section */
		7B2C49ED2A1B77E500173E45 /* Frameworks */ = {
			isa = PBXFrameworksBuildPhase;
			buildActionMask = 2147483647;
			files = (
			);
			runOnlyForDeploymentPostprocessing = 0;
		};
/* End PBXFrameworksBuildPhase section */

/* Begin PBXGroup section */
		7B2C49E72A1B77E500173E45 = {
			isa = PBXGroup;
			children = (
				7B2C4A262A1B9E7300173E45 /* Resources */,
				7B2C49F22A1B77E500173E45 /* ServiceList */,
				7B2C49F12A1B77E500173E45 /* Products */,
			);
			sourceTree = "<group>";
		};
		7B2C49F12A1B77E500173E45 /* Products */ = {
			isa = PBXGroup;
			children = (
				7B2C49F02A1B77E500173E45 /* ServiceList.app */,
			);
			name = Products;
			sourceTree = "<group>";
		};
		7B2C49F22A1B77E500173E45 /* ServiceList */ = {
			isa = PBXGroup;
			children = (
				7B2C49F32A1B77E500173E45 /* AppDelegate.swift */,
				7B2C49F72A1B77E500173E45 /* ViewController.swift */,
				7B2C4A072A1B794C00173E45 /* SeviceListCell.swift */,
				7B2C4A092A1B7C4600173E45 /* DetailsView.swift */,
				7B2C49FC2A1B77E700173E45 /* Assets.xcassets */,
				7B2C4A012A1B77E700173E45 /* Info.plist */,
			);
			path = ServiceList;
			sourceTree = "<group>";
		};
		7B2C4A262A1B9E7300173E45 /* Resources */ = {
			isa = PBXGroup;
			children = (
				7B2C4A272A1B9E8600173E45 /* fonts */,
			);
			name = Resources;
			path = ServiceList;
			sourceTree = "<group>";
		};
		7B2C4A272A1B9E8600173E45 /* fonts */ = {
			isa = PBXGroup;
			children = (
				7B2C4A282A1B9E9900173E45 /* Outfit */,
			);
			name = fonts;
			sourceTree = "<group>";
		};
		7B2C4A282A1B9E9900173E45 /* Outfit */ = {
			isa = PBXGroup;
			children = (
				7B2C4A2B2A1B9E9900173E45 /* Outfit-Bold.ttf */,
				7B2C4A2C2A1B9E9900173E45 /* Outfit-Regular.ttf */,
				7B2C4A2D2A1B9E9900173E45 /* Outfit-Black.ttf */,
				7B2C4A2E2A1B9E9900173E45 /* Outfit-Thin.ttf */,
				7B2C4A2F2A1B9E9900173E45 /* Outfit-SemiBold.ttf */,
				7B2C4A302A1B9E9900173E45 /* Outfit-ExtraLight.ttf */,
				7B2C4A312A1B9E9900173E45 /* Outfit-ExtraBold.ttf */,
				7B2C4A322A1B9E9900173E45 /* Outfit-Medium.ttf */,
				7B2C4A332A1B9E9900173E45 /* Outfit-Light.ttf */,
				7B2C4A292A1B9E9900173E45 /* Outfit-VariableFont_wght.ttf */,
			);
			path = Outfit;
			sourceTree = "<group>";
		};
/* End PBXGroup section */

/* Begin PBXNativeTarget section */
		7B2C49EF2A1B77E500173E45 /* ServiceList */ = {
			isa = PBXNativeTarget;
			buildConfigurationList = 7B2C4A042A1B77E700173E45 /* Build configuration list for PBXNativeTarget "ServiceList" */;
			buildPhases = (
				7B2C49EC2A1B77E500173E45 /* Sources */,
				7B2C49ED2A1B77E500173E45 /* Frameworks */,
				7B2C49EE2A1B77E500173E45 /* Resources */,
			);
			buildRules = (
			);
			dependencies = (
			);
			name = ServiceList;
			productName = ServiceList;
			productReference = 7B2C49F02A1B77E500173E45 /* ServiceList.app */;
			productType = "com.apple.product-type.application";
		};
/* End PBXNativeTarget section */

/* Begin PBXProject section */
		7B2C49E82A1B77E500173E45 /* Project object */ = {
			isa = PBXProject;
			attributes = {
				BuildIndependentTargetsInParallel = 1;
				LastSwiftUpdateCheck = 1430;
				LastUpgradeCheck = 1430;
				TargetAttributes = {
					7B2C49EF2A1B77E500173E45 = {
						CreatedOnToolsVersion = 14.3;
					};
				};
			};
			buildConfigurationList = 7B2C49EB2A1B77E500173E45 /* Build configuration list for PBXProject "ServiceList" */;
			compatibilityVersion = "Xcode 14.0";
			developmentRegion = en;
			hasScannedForEncodings = 0;
			knownRegions = (
				en,
				Base,
			);
			mainGroup = 7B2C49E72A1B77E500173E45;
			productRefGroup = 7B2C49F12A1B77E500173E45 /* Products */;
			projectDirPath = "";
			projectRoot = "";
			targets = (
				7B2C49EF2A1B77E500173E45 /* ServiceList */,
			);
		};
/* End PBXProject section */

/* Begin PBXResourcesBuildPhase section */
		7B2C49EE2A1B77E500173E45 /* Resources */ = {
			isa = PBXResourcesBuildPhase;
			buildActionMask = 2147483647;
			files = (
				7B2C4A3A2A1B9E9900173E45 /* Outfit-Thin.ttf in Resources */,
				7B2C4A3B2A1B9E9900173E45 /* Outfit-SemiBold.ttf in Resources */,
				7B2C4A382A1B9E9900173E45 /* Outfit-Regular.ttf in Resources */,
				7B2C4A372A1B9E9900173E45 /* Outfit-Bold.ttf in Resources */,
				7B2C4A362A1B9E9900173E45 /* Outfit-VariableFont_wght.ttf in Resources */,
				7B2C4A3F2A1B9E9900173E45 /* Outfit-Light.ttf in Resources */,
				7B2C4A3C2A1B9E9900173E45 /* Outfit-ExtraLight.ttf in Resources */,
				7B2C4A3D2A1B9E9900173E45 /* Outfit-ExtraBold.ttf in Resources */,
				7B2C49FD2A1B77E700173E45 /* Assets.xcassets in Resources */,
				7B2C4A3E2A1B9E9900173E45 /* Outfit-Medium.ttf in Resources */,
				7B2C4A392A1B9E9900173E45 /* Outfit-Black.ttf in Resources */,
			);
			runOnlyForDeploymentPostprocessing = 0;
		};
/* End PBXResourcesBuildPhase section */

/* Begin PBXSourcesBuildPhase section */
		7B2C49EC2A1B77E500173E45 /* Sources */ = {
			isa = PBXSourcesBuildPhase;
			buildActionMask = 2147483647;
			files = (
				7B2C4A082A1B794C00173E45 /* SeviceListCell.swift in Sources */,
				7B2C4A0A2A1B7C4600173E45 /* DetailsView.swift in Sources */,
				7B2C49F82A1B77E500173E45 /* ViewController.swift in Sources */,
				7B2C49F42A1B77E500173E45 /* AppDelegate.swift in Sources */,
			);
			runOnlyForDeploymentPostprocessing = 0;
		};
/* End PBXSourcesBuildPhase section */

/* Begin XCBuildConfiguration section */
		7B2C4A022A1B77E700173E45 /* Debug */ = {
			isa = XCBuildConfiguration;
			buildSettings = {
				ALWAYS_SEARCH_USER_PATHS = NO;
				CLANG_ANALYZER_NONNULL = YES;
				CLANG_ANALYZER_NUMBER_OBJECT_CONVERSION = YES_AGGRESSIVE;
				CLANG_CXX_LANGUAGE_STANDARD = "gnu++20";
				CLANG_ENABLE_MODULES = YES;
				CLANG_ENABLE_OBJC_ARC = YES;
				CLANG_ENABLE_OBJC_WEAK = YES;
				CLANG_WARN_BLOCK_CAPTURE_AUTORELEASING = YES;
				CLANG_WARN_BOOL_CONVERSION = YES;
				CLANG_WARN_COMMA = YES;
				CLANG_WARN_CONSTANT_CONVERSION = YES;
				CLANG_WARN_DEPRECATED_OBJC_IMPLEMENTATIONS = YES;
				CLANG_WARN_DIRECT_OBJC_ISA_USAGE = YES_ERROR;
				CLANG_WARN_DOCUMENTATION_COMMENTS = YES;
				CLANG_WARN_EMPTY_BODY = YES;
				CLANG_WARN_ENUM_CONVERSION = YES;
				CLANG_WARN_INFINITE_RECURSION = YES;
				CLANG_WARN_INT_CONVERSION = YES;
				CLANG_WARN_NON_LITERAL_NULL_CONVERSION = YES;
				CLANG_WARN_OBJC_IMPLICIT_RETAIN_SELF = YES;
				CLANG_WARN_OBJC_LITERAL_CONVERSION = YES;
				CLANG_WARN_OBJC_ROOT_CLASS = YES_ERROR;
				CLANG_WARN_QUOTED_INCLUDE_IN_FRAMEWORK_HEADER = YES;
				CLANG_WARN_RANGE_LOOP_ANALYSIS = YES;
				CLANG_WARN_STRICT_PROTOTYPES = YES;
				CLANG_WARN_SUSPICIOUS_MOVE = YES;
				CLANG_WARN_UNGUARDED_AVAILABILITY = YES_AGGRESSIVE;
				CLANG_WARN_UNREACHABLE_CODE = YES;
				CLANG_WARN__DUPLICATE_METHOD_MATCH = YES;
				COPY_PHASE_STRIP = NO;
				DEBUG_INFORMATION_FORMAT = dwarf;
				ENABLE_STRICT_OBJC_MSGSEND = YES;
				ENABLE_TESTABILITY = YES;
				GCC_C_LANGUAGE_STANDARD = gnu11;
				GCC_DYNAMIC_NO_PIC = NO;
				GCC_NO_COMMON_BLOCKS = YES;
				GCC_OPTIMIZATION_LEVEL = 0;
				GCC_PREPROCESSOR_DEFINITIONS = (
					"DEBUG=1",
					"$(inherited)",
				);
				GCC_WARN_64_TO_32_BIT_CONVERSION = YES;
				GCC_WARN_ABOUT_RETURN_TYPE = YES_ERROR;
				GCC_WARN_UNDECLARED_SELECTOR = YES;
				GCC_WARN_UNINITIALIZED_AUTOS = YES_AGGRESSIVE;
				GCC_WARN_UNUSED_FUNCTION = YES;
				GCC_WARN_UNUSED_VARIABLE = YES;
				IPHONEOS_DEPLOYMENT_TARGET = 16.4;
				MTL_ENABLE_DEBUG_INFO = INCLUDE_SOURCE;
				MTL_FAST_MATH = YES;
				ONLY_ACTIVE_ARCH = YES;
				SDKROOT = iphoneos;
				SWIFT_ACTIVE_COMPILATION_CONDITIONS = DEBUG;
				SWIFT_OPTIMIZATION_LEVEL = "-Onone";
			};
			name = Debug;
		};
		7B2C4A032A1B77E700173E45 /* Release */ = {
			isa = XCBuildConfiguration;
			buildSettings = {
				ALWAYS_SEARCH_USER_PATHS = NO;
				CLANG_ANALYZER_NONNULL = YES;
				CLANG_ANALYZER_NUMBER_OBJECT_CONVERSION = YES_AGGRESSIVE;
				CLANG_CXX_LANGUAGE_STANDARD = "gnu++20";
				CLANG_ENABLE_MODULES = YES;
				CLANG_ENABLE_OBJC_ARC = YES;
				CLANG_ENABLE_OBJC_WEAK = YES;
				CLANG_WARN_BLOCK_CAPTURE_AUTORELEASING = YES;
				CLANG_WARN_BOOL_CONVERSION = YES;
				CLANG_WARN_COMMA = YES;
				CLANG_WARN_CONSTANT_CONVERSION = YES;
				CLANG_WARN_DEPRECATED_OBJC_IMPLEMENTATIONS = YES;
				CLANG_WARN_DIRECT_OBJC_ISA_USAGE = YES_ERROR;
				CLANG_WARN_DOCUMENTATION_COMMENTS = YES;
				CLANG_WARN_EMPTY_BODY = YES;
				CLANG_WARN_ENUM_CONVERSION = YES;
				CLANG_WARN_INFINITE_RECURSION = YES;
				CLANG_WARN_INT_CONVERSION = YES;
				CLANG_WARN_NON_LITERAL_NULL_CONVERSION = YES;
				CLANG_WARN_OBJC_IMPLICIT_RETAIN_SELF = YES;
				CLANG_WARN_OBJC_LITERAL_CONVERSION = YES;
				CLANG_WARN_OBJC_ROOT_CLASS = YES_ERROR;
				CLANG_WARN_QUOTED_INCLUDE_IN_FRAMEWORK_HEADER = YES;
				CLANG_WARN_RANGE_LOOP_ANALYSIS = YES;
				CLANG_WARN_STRICT_PROTOTYPES = YES;
				CLANG_WARN_SUSPICIOUS_MOVE = YES;
				CLANG_WARN_UNGUARDED_AVAILABILITY = YES_AGGRESSIVE;
				CLANG_WARN_UNREACHABLE_CODE = YES;
				CLANG_WARN__DUPLICATE_METHOD_MATCH = YES;
				COPY_PHASE_STRIP = NO;
				DEBUG_INFORMATION_FORMAT = "dwarf-with-dsym";
				ENABLE_NS_ASSERTIONS = NO;
				ENABLE_STRICT_OBJC_MSGSEND = YES;
				GCC_C_LANGUAGE_STANDARD = gnu11;
				GCC_NO_COMMON_BLOCKS = YES;
				GCC_WARN_64_TO_32_BIT_CONVERSION = YES;
				GCC_WARN_ABOUT_RETURN_TYPE = YES_ERROR;
				GCC_WARN_UNDECLARED_SELECTOR = YES;
				GCC_WARN_UNINITIALIZED_AUTOS = YES_AGGRESSIVE;
				GCC_WARN_UNUSED_FUNCTION = YES;
				GCC_WARN_UNUSED_VARIABLE = YES;
				IPHONEOS_DEPLOYMENT_TARGET = 16.4;
				MTL_ENABLE_DEBUG_INFO = NO;
				MTL_FAST_MATH = YES;
				SDKROOT = iphoneos;
				SWIFT_COMPILATION_MODE = wholemodule;
				SWIFT_OPTIMIZATION_LEVEL = "-O";
				VALIDATE_PRODUCT = YES;
			};
			name = Release;
		};
		7B2C4A052A1B77E700173E45 /* Debug */ = {
			isa = XCBuildConfiguration;
			buildSettings = {
				ASSETCATALOG_COMPILER_APPICON_NAME = AppIcon;
				ASSETCATALOG_COMPILER_GLOBAL_ACCENT_COLOR_NAME = AccentColor;
				CODE_SIGN_STYLE = Automatic;
				CURRENT_PROJECT_VERSION = 1;
				GENERATE_INFOPLIST_FILE = YES;
				INFOPLIST_FILE = ServiceList/Info.plist;
				INFOPLIST_KEY_UIApplicationSupportsIndirectInputEvents = YES;
				INFOPLIST_KEY_UILaunchStoryboardName = LaunchScreen;
				INFOPLIST_KEY_UISupportedInterfaceOrientations_iPad = "UIInterfaceOrientationPortrait UIInterfaceOrientationPortraitUpsideDown UIInterfaceOrientationLandscapeLeft UIInterfaceOrientationLandscapeRight";
				INFOPLIST_KEY_UISupportedInterfaceOrientations_iPhone = "UIInterfaceOrientationPortrait UIInterfaceOrientationLandscapeLeft UIInterfaceOrientationLandscapeRight";
				LD_RUNPATH_SEARCH_PATHS = (
					"$(inherited)",
					"@executable_path/Frameworks",
				);
				MARKETING_VERSION = 1.0;
				PRODUCT_BUNDLE_IDENTIFIER = com.muhamad.ServiceList;
				PRODUCT_NAME = "$(TARGET_NAME)";
				SWIFT_EMIT_LOC_STRINGS = YES;
				SWIFT_VERSION = 5.0;
				TARGETED_DEVICE_FAMILY = "1,2";
			};
			name = Debug;
		};
		7B2C4A062A1B77E700173E45 /* Release */ = {
			isa = XCBuildConfiguration;
			buildSettings = {
				ASSETCATALOG_COMPILER_APPICON_NAME = AppIcon;
				ASSETCATALOG_COMPILER_GLOBAL_ACCENT_COLOR_NAME = AccentColor;
				CODE_SIGN_STYLE = Automatic;
				CURRENT_PROJECT_VERSION = 1;
				GENERATE_INFOPLIST_FILE = YES;
				INFOPLIST_FILE = ServiceList/Info.plist;
				INFOPLIST_KEY_UIApplicationSupportsIndirectInputEvents = YES;
				INFOPLIST_KEY_UILaunchStoryboardName = LaunchScreen;
				INFOPLIST_KEY_UISupportedInterfaceOrientations_iPad = "UIInterfaceOrientationPortrait UIInterfaceOrientationPortraitUpsideDown UIInterfaceOrientationLandscapeLeft UIInterfaceOrientationLandscapeRight";
				INFOPLIST_KEY_UISupportedInterfaceOrientations_iPhone = "UIInterfaceOrientationPortrait UIInterfaceOrientationLandscapeLeft UIInterfaceOrientationLandscapeRight";
				LD_RUNPATH_SEARCH_PATHS = (
					"$(inherited)",
					"@executable_path/Frameworks",
				);
				MARKETING_VERSION = 1.0;
				PRODUCT_BUNDLE_IDENTIFIER = com.muhamad.ServiceList;
				PRODUCT_NAME = "$(TARGET_NAME)";
				SWIFT_EMIT_LOC_STRINGS = YES;
				SWIFT_VERSION = 5.0;
				TARGETED_DEVICE_FAMILY = "1,2";
			};
			name = Release;
		};
/* End XCBuildConfiguration section */

/* Begin XCConfigurationList section */
		7B2C49EB2A1B77E500173E45 /* Build configuration list for PBXProject "ServiceList" */ = {
			isa = XCConfigurationList;
			buildConfigurations = (
				7B2C4A022A1B77E700173E45 /* Debug */,
				7B2C4A032A1B77E700173E45 /* Release */,
			);
			defaultConfigurationIsVisible = 0;
			defaultConfigurationName = Release;
		};
		7B2C4A042A1B77E700173E45 /* Build configuration list for PBXNativeTarget "ServiceList" */ = {
			isa = XCConfigurationList;
			buildConfigurations = (
				7B2C4A052A1B77E700173E45 /* Debug */,
				7B2C4A062A1B77E700173E45 /* Release */,
			);
			defaultConfigurationIsVisible = 0;
			defaultConfigurationName = Release;
		};
/* End XCConfigurationList section */
	};
	rootObject = 7B2C49E82A1B77E500173E45 /* Project object */;
}
